
Microsoft Visual Studio Solution File, Format Version 12.00
# Visual Studio Version 16
VisualStudioVersion = 16.0.30907.101
MinimumVisualStudioVersion = 10.0.40219.1
Project("{FAE04EC0-301F-11D3-BF4B-00C04F79EFBC}") = "2.1.13_UDatentypen", "2.1.13_UDatentypen\2.1.13_UDatentypen.csproj", "{EF2BAB99-F631-4223-ADA8-9E6B2F9FB22D}"
EndProject
Global
	GlobalSection(SolutionConfigurationPlatforms) = preSolution
		Debug|Any CPU = Debug|Any CPU
		Release|Any CPU = Release|Any CPU
	EndGlobalSection
	GlobalSection(ProjectConfigurationPlatforms) = postSolution
		{EF2BAB99-F631-4223-ADA8-9E6B2F9FB22D}.Debug|Any CPU.ActiveCfg = Debug|Any CPU
		{EF2BAB99-F631-4223-ADA8-9E6B2F9FB22D}.Debug|Any CPU.Build.0 = Debug|Any CPU
		{EF2BAB99-F631-4223-ADA8-9E6B2F9FB22D}.Release|Any CPU.ActiveCfg = Release|Any CPU
		{EF2BAB99-F631-4223-ADA8-9E6B2F9FB22D}.Release|Any CPU.Build.0 = Release|Any CPU
	EndGlobalSection
	GlobalSection(SolutionProperties) = preSolution
		HideSolutionNode = FALSE
	EndGlobalSection
	GlobalSection(ExtensibilityGlobals) = postSolution
		SolutionGuid = {926B5CF4-FACC-4826-B8ED-D5674F65F07A}
	EndGlobalSection
EndGlobal
